
Microsoft Visual Studio Solution File, Format Version 12.00
# Visual Studio 15
VisualStudioVersion = 15.0.26730.12
MinimumVisualStudioVersion = 10.0.40219.1
Project("{FAE04EC0-301F-11D3-BF4B-00C04F79EFBC}") = "wpfDatabaseTrial", "wpfDatabaseTrial\wpfDatabaseTrial.csproj", "{7EDC6905-A59C-432A-B04B-BF17ED8F8E92}"
EndProject
Global
	GlobalSection(SolutionConfigurationPlatforms) = preSolution
		Debug|Any CPU = Debug|Any CPU
		Release|Any CPU = Release|Any CPU
	EndGlobalSection
	GlobalSection(ProjectConfigurationPlatforms) = postSolution
		{7EDC6905-A59C-432A-B04B-BF17ED8F8E92}.Debug|Any CPU.ActiveCfg = Debug|Any CPU
		{7EDC6905-A59C-432A-B04B-BF17ED8F8E92}.Debug|Any CPU.Build.0 = Debug|Any CPU
		{7EDC6905-A59C-432A-B04B-BF17ED8F8E92}.Release|Any CPU.ActiveCfg = Release|Any CPU
		{7EDC6905-A59C-432A-B04B-BF17ED8F8E92}.Release|Any CPU.Build.0 = Release|Any CPU
	EndGlobalSection
	GlobalSection(SolutionProperties) = preSolution
		HideSolutionNode = FALSE
	EndGlobalSection
	GlobalSection(ExtensibilityGlobals) = postSolution
		SolutionGuid = {0452F52F-210E-4D22-BB30-48246AF1AD38}
	EndGlobalSection
EndGlobal
